
Microsoft Visual Studio Solution File, Format Version 12.00
# Visual Studio 15
VisualStudioVersion = 15.0.27703.2042
MinimumVisualStudioVersion = 10.0.40219.1
Project("{FAE04EC0-301F-11D3-BF4B-00C04F79EFBC}") = "OnionApp", "OnionApp\OnionApp.csproj", "{37074169-26CF-4949-9650-EA6A1BDD09D4}"
EndProject
Global
	GlobalSection(SolutionConfigurationPlatforms) = preSolution
		Debug|Any CPU = Debug|Any CPU
		Release|Any CPU = Release|Any CPU
	EndGlobalSection
	GlobalSection(ProjectConfigurationPlatforms) = postSolution
		{37074169-26CF-4949-9650-EA6A1BDD09D4}.Debug|Any CPU.ActiveCfg = Debug|Any CPU
		{37074169-26CF-4949-9650-EA6A1BDD09D4}.Debug|Any CPU.Build.0 = Debug|Any CPU
		{37074169-26CF-4949-9650-EA6A1BDD09D4}.Release|Any CPU.ActiveCfg = Release|Any CPU
		{37074169-26CF-4949-9650-EA6A1BDD09D4}.Release|Any CPU.Build.0 = Release|Any CPU
	EndGlobalSection
	GlobalSection(SolutionProperties) = preSolution
		HideSolutionNode = FALSE
	EndGlobalSection
	GlobalSection(ExtensibilityGlobals) = postSolution
		SolutionGuid = {F772A785-4429-4ED7-AD40-11D3E1ED504E}
	EndGlobalSection
EndGlobal
